{
  "name": "gifscclcc",
  "version": "1.0.0",
  "lockfileVersion": 3,
  "requires": true,
  "packages": {
    "": {
      "name": "gifscclcc",
      "version": "1.0.0",
      "devDependencies": {
        "gif.js": "^0.2.0"
      }
    },
    "node_modules/gif.js": {
      "version": "0.2.0",
      "resolved": "https://registry.npmjs.org/gif.js/-/gif.js-0.2.0.tgz",
      "integrity": "sha512-bYxCoT8OZKmbxY8RN4qDiYuj4nrQDTzgLRcFVovyona1PTWNePzI4nzOmotnlOFIzTk/ZxAHtv+TfVLiBWj/hw==",
      "dev": true,
      "license": "MIT"
    }
  }
}
